
Microsoft Visual Studio Solution File, Format Version 12.00
# Visual Studio 15
VisualStudioVersion = 15.0.27130.2020
MinimumVisualStudioVersion = 10.0.40219.1
Project("{9A19103F-16F7-4668-BE54-9A1E7A4F7556}") = "ConsoleApp", "ConsoleApp\ConsoleApp.csproj", "{CFC16438-BC99-4EB7-8C54-7086CA53CC6C}"
EndProject
Project("{9A19103F-16F7-4668-BE54-9A1E7A4F7556}") = "SqlServer", "SqlServer\SqlServer.csproj", "{EF2CA5FE-B086-45D8-AB75-565CE8D5B423}"
EndProject
Project("{9A19103F-16F7-4668-BE54-9A1E7A4F7556}") = "Common", "Common\Common.csproj", "{1A193B21-A867-41ED-973E-303983820380}"
EndProject
Project("{9A19103F-16F7-4668-BE54-9A1E7A4F7556}") = "MongoDb", "MongoDb\MongoDb.csproj", "{00A6971B-D4C1-4F58-B039-F51483DF3C5F}"
EndProject
Project("{9A19103F-16F7-4668-BE54-9A1E7A4F7556}") = "RabbitMq", "RabbitMq\RabbitMq.csproj", "{0B1736C4-90F7-4E35-9FCC-7225829BADF6}"
EndProject
Global
	GlobalSection(SolutionConfigurationPlatforms) = preSolution
		Debug|Any CPU = Debug|Any CPU
		Release|Any CPU = Release|Any CPU
	EndGlobalSection
	GlobalSection(ProjectConfigurationPlatforms) = postSolution
		{CFC16438-BC99-4EB7-8C54-7086CA53CC6C}.Debug|Any CPU.ActiveCfg = Debug|Any CPU
		{CFC16438-BC99-4EB7-8C54-7086CA53CC6C}.Debug|Any CPU.Build.0 = Debug|Any CPU
		{CFC16438-BC99-4EB7-8C54-7086CA53CC6C}.Release|Any CPU.ActiveCfg = Release|Any CPU
		{CFC16438-BC99-4EB7-8C54-7086CA53CC6C}.Release|Any CPU.Build.0 = Release|Any CPU
		{EF2CA5FE-B086-45D8-AB75-565CE8D5B423}.Debug|Any CPU.ActiveCfg = Debug|Any CPU
		{EF2CA5FE-B086-45D8-AB75-565CE8D5B423}.Debug|Any CPU.Build.0 = Debug|Any CPU
		{EF2CA5FE-B086-45D8-AB75-565CE8D5B423}.Release|Any CPU.ActiveCfg = Release|Any CPU
		{EF2CA5FE-B086-45D8-AB75-565CE8D5B423}.Release|Any CPU.Build.0 = Release|Any CPU
		{1A193B21-A867-41ED-973E-303983820380}.Debug|Any CPU.ActiveCfg = Debug|Any CPU
		{1A193B21-A867-41ED-973E-303983820380}.Debug|Any CPU.Build.0 = Debug|Any CPU
		{1A193B21-A867-41ED-973E-303983820380}.Release|Any CPU.ActiveCfg = Release|Any CPU
		{1A193B21-A867-41ED-973E-303983820380}.Release|Any CPU.Build.0 = Release|Any CPU
		{00A6971B-D4C1-4F58-B039-F51483DF3C5F}.Debug|Any CPU.ActiveCfg = Debug|Any CPU
		{00A6971B-D4C1-4F58-B039-F51483DF3C5F}.Debug|Any CPU.Build.0 = Debug|Any CPU
		{00A6971B-D4C1-4F58-B039-F51483DF3C5F}.Release|Any CPU.ActiveCfg = Release|Any CPU
		{00A6971B-D4C1-4F58-B039-F51483DF3C5F}.Release|Any CPU.Build.0 = Release|Any CPU
		{0B1736C4-90F7-4E35-9FCC-7225829BADF6}.Debug|Any CPU.ActiveCfg = Debug|Any CPU
		{0B1736C4-90F7-4E35-9FCC-7225829BADF6}.Debug|Any CPU.Build.0 = Debug|Any CPU
		{0B1736C4-90F7-4E35-9FCC-7225829BADF6}.Release|Any CPU.ActiveCfg = Release|Any CPU
		{0B1736C4-90F7-4E35-9FCC-7225829BADF6}.Release|Any CPU.Build.0 = Release|Any CPU
	EndGlobalSection
	GlobalSection(SolutionProperties) = preSolution
		HideSolutionNode = FALSE
	EndGlobalSection
	GlobalSection(ExtensibilityGlobals) = postSolution
		SolutionGuid = {C1313B4C-2FC5-4BF3-8087-1947199E6382}
	EndGlobalSection
EndGlobal
